// !$*UTF8*$!
{
	archiveVersion = 1;
	classes = {
	};
	objectVersion = 56;
	objects = {

/* Begin PBXBuildFile section */
		3248C79A867C9E5E924A3104 /* Pods_FilmApp.framework in Frameworks */ = {isa = PBXBuildFile; fileRef = 4DBBDEDF2A3744AE00CF8315 /* Pods_FilmApp.framework */; };
		451EC80F6C5B873E030C306F /* Pods_FilmApp.framework in Frameworks */ = {isa = PBXBuildFile; fileRef = 426F3A3356C7E38DF136E401 /* Pods_FilmApp.framework */; };
		4D3F792F2A2F5F1600AF6922 /* AppDelegate.swift in Sources */ = {isa = PBXBuildFile; fileRef = 4D3F792E2A2F5F1600AF6922 /* AppDelegate.swift */; };
		4D3F79312A2F5F1600AF6922 /* SceneDelegate.swift in Sources */ = {isa = PBXBuildFile; fileRef = 4D3F79302A2F5F1600AF6922 /* SceneDelegate.swift */; };
		4D3F79332A2F5F1600AF6922 /* SplashViewController.swift in Sources */ = {isa = PBXBuildFile; fileRef = 4D3F79322A2F5F1600AF6922 /* SplashViewController.swift */; };
		4D3F79362A2F5F1600AF6922 /* Main.storyboard in Resources */ = {isa = PBXBuildFile; fileRef = 4D3F79342A2F5F1600AF6922 /* Main.storyboard */; };
		4D3F79392A2F5F1600AF6922 /* FilmApp.xcdatamodeld in Sources */ = {isa = PBXBuildFile; fileRef = 4D3F79372A2F5F1600AF6922 /* FilmApp.xcdatamodeld */; };
		4D3F793B2A2F5F1700AF6922 /* Assets.xcassets in Resources */ = {isa = PBXBuildFile; fileRef = 4D3F793A2A2F5F1700AF6922 /* Assets.xcassets */; };
		4D3F793E2A2F5F1700AF6922 /* LaunchScreen.storyboard in Resources */ = {isa = PBXBuildFile; fileRef = 4D3F793C2A2F5F1700AF6922 /* LaunchScreen.storyboard */; };
		4D3F79462A309B5E00AF6922 /* GoogleService-Info.plist in Resources */ = {isa = PBXBuildFile; fileRef = 4D3F79452A309B5E00AF6922 /* GoogleService-Info.plist */; };
		4D4BA2102A328DC700E6BB92 /* TableViewCell.swift in Sources */ = {isa = PBXBuildFile; fileRef = 4D4BA20E2A328DC700E6BB92 /* TableViewCell.swift */; };
		4D4BA2132A328DE500E6BB92 /* UILabelPadding.swift in Sources */ = {isa = PBXBuildFile; fileRef = 4D4BA2122A328DE500E6BB92 /* UILabelPadding.swift */; };
		4D4BA2192A33552500E6BB92 /* DetailViewController.swift in Sources */ = {isa = PBXBuildFile; fileRef = 4D4BA2182A33552500E6BB92 /* DetailViewController.swift */; };
		4D4BA21B2A33577A00E6BB92 /* Detail.swift in Sources */ = {isa = PBXBuildFile; fileRef = 4D4BA21A2A33577A00E6BB92 /* Detail.swift */; };
		4D4BA21D2A3357AB00E6BB92 /* DetailViewModel.swift in Sources */ = {isa = PBXBuildFile; fileRef = 4D4BA21C2A3357AB00E6BB92 /* DetailViewModel.swift */; };
		4D85074A2A30B69800100521 /* MainViewController.swift in Sources */ = {isa = PBXBuildFile; fileRef = 4D8507492A30B69800100521 /* MainViewController.swift */; };
		4D85074D2A30BE3000100521 /* Util.swift in Sources */ = {isa = PBXBuildFile; fileRef = 4D85074C2A30BE3000100521 /* Util.swift */; };
		4D85074F2A30BE8300100521 /* ErrorMessages.swift in Sources */ = {isa = PBXBuildFile; fileRef = 4D85074E2A30BE8300100521 /* ErrorMessages.swift */; };
		4D8507522A30CE5E00100521 /* RemoteConfig.swift in Sources */ = {isa = PBXBuildFile; fileRef = 4D8507512A30CE5E00100521 /* RemoteConfig.swift */; };
		4D8507542A3106AB00100521 /* MovieList.swift in Sources */ = {isa = PBXBuildFile; fileRef = 4D8507532A3106AB00100521 /* MovieList.swift */; };
		4D8507562A310DDB00100521 /* Service.swift in Sources */ = {isa = PBXBuildFile; fileRef = 4D8507552A310DDB00100521 /* Service.swift */; };
		4D8507582A310DF000100521 /* ServiceHelper.swift in Sources */ = {isa = PBXBuildFile; fileRef = 4D8507572A310DF000100521 /* ServiceHelper.swift */; };
		4D85075B2A310F4300100521 /* Alamofire in Frameworks */ = {isa = PBXBuildFile; productRef = 4D85075A2A310F4300100521 /* Alamofire */; };
		4D85075D2A3111C200100521 /* MovieViewModel.swift in Sources */ = {isa = PBXBuildFile; fileRef = 4D85075C2A3111C200100521 /* MovieViewModel.swift */; };
		4DADE4122A352396002A8064 /* FirebaseAnalystics.swift in Sources */ = {isa = PBXBuildFile; fileRef = 4DADE4112A352395002A8064 /* FirebaseAnalystics.swift */; };
		4DBBDE602A37335B00CF8315 /* ImageHelper.swift in Sources */ = {isa = PBXBuildFile; fileRef = 4DBBDE5F2A37335B00CF8315 /* ImageHelper.swift */; };
		4DBBDE622A37337800CF8315 /* AlertHelper.swift in Sources */ = {isa = PBXBuildFile; fileRef = 4DBBDE612A37337800CF8315 /* AlertHelper.swift */; };
		4DBBDED52A3742B800CF8315 /* FilmAppTests.swift in Sources */ = {isa = PBXBuildFile; fileRef = 4DBBDED42A3742B800CF8315 /* FilmAppTests.swift */; };
		4DCA34EB2A338133004B1756 /* TableViewCell.xib in Resources */ = {isa = PBXBuildFile; fileRef = 4DCA34EA2A338133004B1756 /* TableViewCell.xib */; };
		4DCA34EF2A338BA5004B1756 /* Constants.swift in Sources */ = {isa = PBXBuildFile; fileRef = 4DCA34EE2A338BA5004B1756 /* Constants.swift */; };
		4DD93F8F2A34C38800916E4E /* no_data.json in Resources */ = {isa = PBXBuildFile; fileRef = 4DD93F8E2A34C38800916E4E /* no_data.json */; };
		4DD93F912A34C6EA00916E4E /* search.json in Resources */ = {isa = PBXBuildFile; fileRef = 4DD93F902A34C6EA00916E4E /* search.json */; };
		4DD93F942A34C77000916E4E /* LottieHelper.swift in Sources */ = {isa = PBXBuildFile; fileRef = 4DD93F932A34C77000916E4E /* LottieHelper.swift */; };
		4DD93F962A34CC4E00916E4E /* load.json in Resources */ = {isa = PBXBuildFile; fileRef = 4DD93F952A34CC4E00916E4E /* load.json */; };
		4DD93F982A34D10700916E4E /* no_internet.json in Resources */ = {isa = PBXBuildFile; fileRef = 4DD93F972A34D10700916E4E /* no_internet.json */; };
		DBABBE87F091B767C5A4FA88 /* Pods_FilmAppTests.framework in Frameworks */ = {isa = PBXBuildFile; fileRef = FE97A199D61275CC79CD055D /* Pods_FilmAppTests.framework */; };
/* End PBXBuildFile section */

/* Begin PBXContainerItemProxy section */
		4DBBDED62A3742B800CF8315 /* PBXContainerItemProxy */ = {
			isa = PBXContainerItemProxy;
			containerPortal = 4D3F79232A2F5F1600AF6922 /* Project object */;
			proxyType = 1;
			remoteGlobalIDString = 4D3F792A2A2F5F1600AF6922;
			remoteInfo = FilmApp;
		};
/* End PBXContainerItemProxy section */

/* Begin PBXFileReference section */
		426F3A3356C7E38DF136E401 /* Pods_FilmApp.framework */ = {isa = PBXFileReference; explicitFileType = wrapper.framework; includeInIndex = 0; path = Pods_FilmApp.framework; sourceTree = BUILT_PRODUCTS_DIR; };
		4D3F792B2A2F5F1600AF6922 /* FilmApp.app */ = {isa = PBXFileReference; explicitFileType = wrapper.application; includeInIndex = 0; path = FilmApp.app; sourceTree = BUILT_PRODUCTS_DIR; };
		4D3F792E2A2F5F1600AF6922 /* AppDelegate.swift */ = {isa = PBXFileReference; lastKnownFileType = sourcecode.swift; path = AppDelegate.swift; sourceTree = "<group>"; };
		4D3F79302A2F5F1600AF6922 /* SceneDelegate.swift */ = {isa = PBXFileReference; lastKnownFileType = sourcecode.swift; path = SceneDelegate.swift; sourceTree = "<group>"; };
		4D3F79322A2F5F1600AF6922 /* SplashViewController.swift */ = {isa = PBXFileReference; lastKnownFileType = sourcecode.swift; path = SplashViewController.swift; sourceTree = "<group>"; };
		4D3F79352A2F5F1600AF6922 /* Base */ = {isa = PBXFileReference; lastKnownFileType = file.storyboard; name = Base; path = Base.lproj/Main.storyboard; sourceTree = "<group>"; };
		4D3F79382A2F5F1600AF6922 /* FilmApp.xcdatamodel */ = {isa = PBXFileReference; lastKnownFileType = wrapper.xcdatamodel; path = FilmApp.xcdatamodel; sourceTree = "<group>"; };
		4D3F793A2A2F5F1700AF6922 /* Assets.xcassets */ = {isa = PBXFileReference; lastKnownFileType = folder.assetcatalog; path = Assets.xcassets; sourceTree = "<group>"; };
		4D3F793D2A2F5F1700AF6922 /* Base */ = {isa = PBXFileReference; lastKnownFileType = file.storyboard; name = Base; path = Base.lproj/LaunchScreen.storyboard; sourceTree = "<group>"; };
		4D3F793F2A2F5F1700AF6922 /* Info.plist */ = {isa = PBXFileReference; lastKnownFileType = text.plist.xml; path = Info.plist; sourceTree = "<group>"; };
		4D3F79452A309B5E00AF6922 /* GoogleService-Info.plist */ = {isa = PBXFileReference; fileEncoding = 4; lastKnownFileType = text.plist.xml; path = "GoogleService-Info.plist"; sourceTree = "<group>"; };
		4D4BA20E2A328DC700E6BB92 /* TableViewCell.swift */ = {isa = PBXFileReference; lastKnownFileType = sourcecode.swift; path = TableViewCell.swift; sourceTree = "<group>"; };
		4D4BA2122A328DE500E6BB92 /* UILabelPadding.swift */ = {isa = PBXFileReference; lastKnownFileType = sourcecode.swift; path = UILabelPadding.swift; sourceTree = "<group>"; };
		4D4BA2182A33552500E6BB92 /* DetailViewController.swift */ = {isa = PBXFileReference; lastKnownFileType = sourcecode.swift; path = DetailViewController.swift; sourceTree = "<group>"; };
		4D4BA21A2A33577A00E6BB92 /* Detail.swift */ = {isa = PBXFileReference; lastKnownFileType = sourcecode.swift; path = Detail.swift; sourceTree = "<group>"; };
		4D4BA21C2A3357AB00E6BB92 /* DetailViewModel.swift */ = {isa = PBXFileReference; lastKnownFileType = sourcecode.swift; path = DetailViewModel.swift; sourceTree = "<group>"; };
		4D8507492A30B69800100521 /* MainViewController.swift */ = {isa = PBXFileReference; lastKnownFileType = sourcecode.swift; path = MainViewController.swift; sourceTree = "<group>"; };
		4D85074C2A30BE3000100521 /* Util.swift */ = {isa = PBXFileReference; lastKnownFileType = sourcecode.swift; path = Util.swift; sourceTree = "<group>"; };
		4D85074E2A30BE8300100521 /* ErrorMessages.swift */ = {isa = PBXFileReference; lastKnownFileType = sourcecode.swift; path = ErrorMessages.swift; sourceTree = "<group>"; };
		4D8507512A30CE5E00100521 /* RemoteConfig.swift */ = {isa = PBXFileReference; lastKnownFileType = sourcecode.swift; path = RemoteConfig.swift; sourceTree = "<group>"; };
		4D8507532A3106AB00100521 /* MovieList.swift */ = {isa = PBXFileReference; lastKnownFileType = sourcecode.swift; path = MovieList.swift; sourceTree = "<group>"; };
		4D8507552A310DDB00100521 /* Service.swift */ = {isa = PBXFileReference; lastKnownFileType = sourcecode.swift; path = Service.swift; sourceTree = "<group>"; };
		4D8507572A310DF000100521 /* ServiceHelper.swift */ = {isa = PBXFileReference; lastKnownFileType = sourcecode.swift; path = ServiceHelper.swift; sourceTree = "<group>"; };
		4D85075C2A3111C200100521 /* MovieViewModel.swift */ = {isa = PBXFileReference; lastKnownFileType = sourcecode.swift; path = MovieViewModel.swift; sourceTree = "<group>"; };
		4DADE4112A352395002A8064 /* FirebaseAnalystics.swift */ = {isa = PBXFileReference; lastKnownFileType = sourcecode.swift; path = FirebaseAnalystics.swift; sourceTree = "<group>"; };
		4DBBDE5F2A37335B00CF8315 /* ImageHelper.swift */ = {isa = PBXFileReference; lastKnownFileType = sourcecode.swift; path = ImageHelper.swift; sourceTree = "<group>"; };
		4DBBDE612A37337800CF8315 /* AlertHelper.swift */ = {isa = PBXFileReference; lastKnownFileType = sourcecode.swift; path = AlertHelper.swift; sourceTree = "<group>"; };
		4DBBDED22A3742B800CF8315 /* FilmAppTests.xctest */ = {isa = PBXFileReference; explicitFileType = wrapper.cfbundle; includeInIndex = 0; path = FilmAppTests.xctest; sourceTree = BUILT_PRODUCTS_DIR; };
		4DBBDED42A3742B800CF8315 /* FilmAppTests.swift */ = {isa = PBXFileReference; lastKnownFileType = sourcecode.swift; path = FilmAppTests.swift; sourceTree = "<group>"; };
		4DBBDEDB2A3743F500CF8315 /* Pods_FilmApp.framework */ = {isa = PBXFileReference; explicitFileType = wrapper.framework; path = Pods_FilmApp.framework; sourceTree = BUILT_PRODUCTS_DIR; };
		4DBBDEDD2A37444F00CF8315 /* Pods_FilmApp.framework */ = {isa = PBXFileReference; explicitFileType = wrapper.framework; path = Pods_FilmApp.framework; sourceTree = BUILT_PRODUCTS_DIR; };
		4DBBDEDF2A3744AE00CF8315 /* Pods_FilmApp.framework */ = {isa = PBXFileReference; explicitFileType = wrapper.framework; path = Pods_FilmApp.framework; sourceTree = BUILT_PRODUCTS_DIR; };
		4DCA34EA2A338133004B1756 /* TableViewCell.xib */ = {isa = PBXFileReference; fileEncoding = 4; lastKnownFileType = file.xib; path = TableViewCell.xib; sourceTree = "<group>"; };
		4DCA34EE2A338BA5004B1756 /* Constants.swift */ = {isa = PBXFileReference; lastKnownFileType = sourcecode.swift; path = Constants.swift; sourceTree = "<group>"; };
		4DD93F8E2A34C38800916E4E /* no_data.json */ = {isa = PBXFileReference; fileEncoding = 4; lastKnownFileType = text.json; path = no_data.json; sourceTree = "<group>"; };
		4DD93F902A34C6EA00916E4E /* search.json */ = {isa = PBXFileReference; fileEncoding = 4; lastKnownFileType = text.json; path = search.json; sourceTree = "<group>"; };
		4DD93F932A34C77000916E4E /* LottieHelper.swift */ = {isa = PBXFileReference; lastKnownFileType = sourcecode.swift; path = LottieHelper.swift; sourceTree = "<group>"; };
		4DD93F952A34CC4E00916E4E /* load.json */ = {isa = PBXFileReference; fileEncoding = 4; lastKnownFileType = text.json; path = load.json; sourceTree = "<group>"; };
		4DD93F972A34D10700916E4E /* no_internet.json */ = {isa = PBXFileReference; fileEncoding = 4; lastKnownFileType = text.json; path = no_internet.json; sourceTree = "<group>"; };
		5C4F6311542A1E557BB4AE0B /* Pods-FilmAppTests.release.xcconfig */ = {isa = PBXFileReference; includeInIndex = 1; lastKnownFileType = text.xcconfig; name = "Pods-FilmAppTests.release.xcconfig"; path = "Target Support Files/Pods-FilmAppTests/Pods-FilmAppTests.release.xcconfig"; sourceTree = "<group>"; };
		9307BD95EBCA85290431F0D3 /* Pods-FilmApp.release.xcconfig */ = {isa = PBXFileReference; includeInIndex = 1; lastKnownFileType = text.xcconfig; name = "Pods-FilmApp.release.xcconfig"; path = "Target Support Files/Pods-FilmApp/Pods-FilmApp.release.xcconfig"; sourceTree = "<group>"; };
		9C1DA889AFDA68331B6471D2 /* Pods-FilmAppTests.debug.xcconfig */ = {isa = PBXFileReference; includeInIndex = 1; lastKnownFileType = text.xcconfig; name = "Pods-FilmAppTests.debug.xcconfig"; path = "Target Support Files/Pods-FilmAppTests/Pods-FilmAppTests.debug.xcconfig"; sourceTree = "<group>"; };
		BA2CA2AC9162A8E545BD5BDB /* Pods-FilmApp.debug.xcconfig */ = {isa = PBXFileReference; includeInIndex = 1; lastKnownFileType = text.xcconfig; name = "Pods-FilmApp.debug.xcconfig"; path = "Target Support Files/Pods-FilmApp/Pods-FilmApp.debug.xcconfig"; sourceTree = "<group>"; };
		FE97A199D61275CC79CD055D /* Pods_FilmAppTests.framework */ = {isa = PBXFileReference; explicitFileType = wrapper.framework; includeInIndex = 0; path = Pods_FilmAppTests.framework; sourceTree = BUILT_PRODUCTS_DIR; };
/* End PBXFileReference section */

/* Begin PBXFrameworksBuildPhase section */
		4D3F79282A2F5F1600AF6922 /* Frameworks */ = {
			isa = PBXFrameworksBuildPhase;
			buildActionMask = 2147483647;
			files = (
				451EC80F6C5B873E030C306F /* Pods_FilmApp.framework in Frameworks */,
				4D85075B2A310F4300100521 /* Alamofire in Frameworks */,
				3248C79A867C9E5E924A3104 /* Pods_FilmApp.framework in Frameworks */,
			);
			runOnlyForDeploymentPostprocessing = 0;
		};
		4DBBDECF2A3742B800CF8315 /* Frameworks */ = {
			isa = PBXFrameworksBuildPhase;
			buildActionMask = 2147483647;
			files = (
				DBABBE87F091B767C5A4FA88 /* Pods_FilmAppTests.framework in Frameworks */,
			);
			runOnlyForDeploymentPostprocessing = 0;
		};
/* End PBXFrameworksBuildPhase section */

/* Begin PBXGroup section */
		4D3F79222A2F5F1600AF6922 = {
			isa = PBXGroup;
			children = (
				4D3F792D2A2F5F1600AF6922 /* FilmApp */,
				4DBBDED32A3742B800CF8315 /* FilmAppTests */,
				4D3F792C2A2F5F1600AF6922 /* Products */,
				EB305C73A59891C59897624E /* Pods */,
				CCB84B46D6768D70D8D2F7CF /* Frameworks */,
			);
			sourceTree = "<group>";
		};
		4D3F792C2A2F5F1600AF6922 /* Products */ = {
			isa = PBXGroup;
			children = (
				4D3F792B2A2F5F1600AF6922 /* FilmApp.app */,
				4DBBDED22A3742B800CF8315 /* FilmAppTests.xctest */,
			);
			name = Products;
			sourceTree = "<group>";
		};
		4D3F792D2A2F5F1600AF6922 /* FilmApp */ = {
			isa = PBXGroup;
			children = (
				4D823A852A3777E40023511A /* Resources */,
				4DCA34ED2A338B9A004B1756 /* Helper */,
				4D8507502A30CE4A00100521 /* Network */,
				4D85074B2A30BE2400100521 /* Util */,
				4D8507462A30B62800100521 /* Model */,
				4D8507472A30B63500100521 /* View */,
				4D8507482A30B64300100521 /* ViewModel */,
				4D3F79302A2F5F1600AF6922 /* SceneDelegate.swift */,
				4D3F792E2A2F5F1600AF6922 /* AppDelegate.swift */,
				4D3F793F2A2F5F1700AF6922 /* Info.plist */,
				4D3F79372A2F5F1600AF6922 /* FilmApp.xcdatamodeld */,
				4D3F79452A309B5E00AF6922 /* GoogleService-Info.plist */,
			);
			path = FilmApp;
			sourceTree = "<group>";
		};
		4D4BA20B2A328D5500E6BB92 /* Xib */ = {
			isa = PBXGroup;
			children = (
				4D3F79342A2F5F1600AF6922 /* Main.storyboard */,
				4D3F793C2A2F5F1700AF6922 /* LaunchScreen.storyboard */,
			);
			path = Xib;
			sourceTree = "<group>";
		};
		4D823A852A3777E40023511A /* Resources */ = {
			isa = PBXGroup;
			children = (
				4D3F793A2A2F5F1700AF6922 /* Assets.xcassets */,
				4DD93F952A34CC4E00916E4E /* load.json */,
				4DD93F902A34C6EA00916E4E /* search.json */,
				4DD93F8E2A34C38800916E4E /* no_data.json */,
				4DD93F972A34D10700916E4E /* no_internet.json */,
			);
			path = Resources;
			sourceTree = "<group>";
		};
		4D8507462A30B62800100521 /* Model */ = {
			isa = PBXGroup;
			children = (
				4D8507532A3106AB00100521 /* MovieList.swift */,
				4D4BA21A2A33577A00E6BB92 /* Detail.swift */,
			);
			path = Model;
			sourceTree = "<group>";
		};
		4D8507472A30B63500100521 /* View */ = {
			isa = PBXGroup;
			children = (
				4DCA34EC2A338156004B1756 /* Cells */,
				4D4BA20B2A328D5500E6BB92 /* Xib */,
				4D3F79322A2F5F1600AF6922 /* SplashViewController.swift */,
				4D8507492A30B69800100521 /* MainViewController.swift */,
				4D4BA2182A33552500E6BB92 /* DetailViewController.swift */,
			);
			path = View;
			sourceTree = "<group>";
		};
		4D8507482A30B64300100521 /* ViewModel */ = {
			isa = PBXGroup;
			children = (
				4D85075C2A3111C200100521 /* MovieViewModel.swift */,
				4D4BA21C2A3357AB00E6BB92 /* DetailViewModel.swift */,
			);
			path = ViewModel;
			sourceTree = "<group>";
		};
		4D85074B2A30BE2400100521 /* Util */ = {
			isa = PBXGroup;
			children = (
				4D85074C2A30BE3000100521 /* Util.swift */,
				4DCA34EE2A338BA5004B1756 /* Constants.swift */,
				4D85074E2A30BE8300100521 /* ErrorMessages.swift */,
			);
			path = Util;
			sourceTree = "<group>";
		};
		4D8507502A30CE4A00100521 /* Network */ = {
			isa = PBXGroup;
			children = (
				4D8507512A30CE5E00100521 /* RemoteConfig.swift */,
				4D8507552A310DDB00100521 /* Service.swift */,
				4D8507572A310DF000100521 /* ServiceHelper.swift */,
				4DADE4112A352395002A8064 /* FirebaseAnalystics.swift */,
			);
			path = Network;
			sourceTree = "<group>";
		};
		4DBBDED32A3742B800CF8315 /* FilmAppTests */ = {
			isa = PBXGroup;
			children = (
				4DBBDED42A3742B800CF8315 /* FilmAppTests.swift */,
			);
			path = FilmAppTests;
			sourceTree = "<group>";
		};
		4DCA34EC2A338156004B1756 /* Cells */ = {
			isa = PBXGroup;
			children = (
				4DCA34EA2A338133004B1756 /* TableViewCell.xib */,
				4D4BA20E2A328DC700E6BB92 /* TableViewCell.swift */,
			);
			path = Cells;
			sourceTree = "<group>";
		};
		4DCA34ED2A338B9A004B1756 /* Helper */ = {
			isa = PBXGroup;
			children = (
				4D4BA2122A328DE500E6BB92 /* UILabelPadding.swift */,
				4DD93F932A34C77000916E4E /* LottieHelper.swift */,
				4DBBDE5F2A37335B00CF8315 /* ImageHelper.swift */,
				4DBBDE612A37337800CF8315 /* AlertHelper.swift */,
			);
			path = Helper;
			sourceTree = "<group>";
		};
		CCB84B46D6768D70D8D2F7CF /* Frameworks */ = {
			isa = PBXGroup;
			children = (
				4DBBDEDF2A3744AE00CF8315 /* Pods_FilmApp.framework */,
				4DBBDEDD2A37444F00CF8315 /* Pods_FilmApp.framework */,
				4DBBDEDB2A3743F500CF8315 /* Pods_FilmApp.framework */,
				426F3A3356C7E38DF136E401 /* Pods_FilmApp.framework */,
				FE97A199D61275CC79CD055D /* Pods_FilmAppTests.framework */,
			);
			name = Frameworks;
			sourceTree = "<group>";
		};
		EB305C73A59891C59897624E /* Pods */ = {
			isa = PBXGroup;
			children = (
				BA2CA2AC9162A8E545BD5BDB /* Pods-FilmApp.debug.xcconfig */,
				9307BD95EBCA85290431F0D3 /* Pods-FilmApp.release.xcconfig */,
				9C1DA889AFDA68331B6471D2 /* Pods-FilmAppTests.debug.xcconfig */,
				5C4F6311542A1E557BB4AE0B /* Pods-FilmAppTests.release.xcconfig */,
			);
			path = Pods;
			sourceTree = "<group>";
		};
/* End PBXGroup section */

/* Begin PBXNativeTarget section */
		4D3F792A2A2F5F1600AF6922 /* FilmApp */ = {
			isa = PBXNativeTarget;
			buildConfigurationList = 4D3F79422A2F5F1700AF6922 /* Build configuration list for PBXNativeTarget "FilmApp" */;
			buildPhases = (
				C62C6F1E57971939331D3511 /* [CP] Check Pods Manifest.lock */,
				4D3F79272A2F5F1600AF6922 /* Sources */,
				4D3F79282A2F5F1600AF6922 /* Frameworks */,
				4D3F79292A2F5F1600AF6922 /* Resources */,
				C52DCB3F78A6A14B0606EDE9 /* [CP] Embed Pods Frameworks */,
			);
			buildRules = (
			);
			dependencies = (
			);
			name = FilmApp;
			packageProductDependencies = (
				4D85075A2A310F4300100521 /* Alamofire */,
			);
			productName = FilmApp;
			productReference = 4D3F792B2A2F5F1600AF6922 /* FilmApp.app */;
			productType = "com.apple.product-type.application";
		};
		4DBBDED12A3742B800CF8315 /* FilmAppTests */ = {
			isa = PBXNativeTarget;
			buildConfigurationList = 4DBBDEDA2A3742B800CF8315 /* Build configuration list for PBXNativeTarget "FilmAppTests" */;
			buildPhases = (
				71846895C54BD8DF5BC52FA6 /* [CP] Check Pods Manifest.lock */,
				4DBBDECE2A3742B800CF8315 /* Sources */,
				4DBBDECF2A3742B800CF8315 /* Frameworks */,
				4DBBDED02A3742B800CF8315 /* Resources */,
				10CC9CAC0AAE3015EB02D7EE /* [CP] Embed Pods Frameworks */,
			);
			buildRules = (
			);
			dependencies = (
				4DBBDED72A3742B800CF8315 /* PBXTargetDependency */,
			);
			name = FilmAppTests;
			productName = FilmAppTests;
			productReference = 4DBBDED22A3742B800CF8315 /* FilmAppTests.xctest */;
			productType = "com.apple.product-type.bundle.unit-test";
		};
/* End PBXNativeTarget section */

/* Begin PBXProject section */
		4D3F79232A2F5F1600AF6922 /* Project object */ = {
			isa = PBXProject;
			attributes = {
				BuildIndependentTargetsInParallel = 1;
				LastSwiftUpdateCheck = 1410;
				LastUpgradeCheck = 1410;
				TargetAttributes = {
					4D3F792A2A2F5F1600AF6922 = {
						CreatedOnToolsVersion = 14.1;
					};
					4DBBDED12A3742B800CF8315 = {
						CreatedOnToolsVersion = 14.1;
						TestTargetID = 4D3F792A2A2F5F1600AF6922;
					};
				};
			};
			buildConfigurationList = 4D3F79262A2F5F1600AF6922 /* Build configuration list for PBXProject "FilmApp" */;
			compatibilityVersion = "Xcode 14.0";
			developmentRegion = en;
			hasScannedForEncodings = 0;
			knownRegions = (
				en,
				Base,
			);
			mainGroup = 4D3F79222A2F5F1600AF6922;
			packageReferences = (
				4D8507592A310F4300100521 /* XCRemoteSwiftPackageReference "Alamofire" */,
			);
			productRefGroup = 4D3F792C2A2F5F1600AF6922 /* Products */;
			projectDirPath = "";
			projectRoot = "";
			targets = (
				4D3F792A2A2F5F1600AF6922 /* FilmApp */,
				4DBBDED12A3742B800CF8315 /* FilmAppTests */,
			);
		};
/* End PBXProject section */

/* Begin PBXResourcesBuildPhase section */
		4D3F79292A2F5F1600AF6922 /* Resources */ = {
			isa = PBXResourcesBuildPhase;
			buildActionMask = 2147483647;
			files = (
				4DCA34EB2A338133004B1756 /* TableViewCell.xib in Resources */,
				4DD93F8F2A34C38800916E4E /* no_data.json in Resources */,
				4DD93F982A34D10700916E4E /* no_internet.json in Resources */,
				4D3F79462A309B5E00AF6922 /* GoogleService-Info.plist in Resources */,
				4DD93F962A34CC4E00916E4E /* load.json in Resources */,
				4D3F793E2A2F5F1700AF6922 /* LaunchScreen.storyboard in Resources */,
				4DD93F912A34C6EA00916E4E /* search.json in Resources */,
				4D3F793B2A2F5F1700AF6922 /* Assets.xcassets in Resources */,
				4D3F79362A2F5F1600AF6922 /* Main.storyboard in Resources */,
			);
			runOnlyForDeploymentPostprocessing = 0;
		};
		4DBBDED02A3742B800CF8315 /* Resources */ = {
			isa = PBXResourcesBuildPhase;
			buildActionMask = 2147483647;
			files = (
			);
			runOnlyForDeploymentPostprocessing = 0;
		};
/* End PBXResourcesBuildPhase section */

/* Begin PBXShellScriptBuildPhase section */
		10CC9CAC0AAE3015EB02D7EE /* [CP] Embed Pods Frameworks */ = {
			isa = PBXShellScriptBuildPhase;
			buildActionMask = 2147483647;
			files = (
			);
			inputFileListPaths = (
				"${PODS_ROOT}/Target Support Files/Pods-FilmAppTests/Pods-FilmAppTests-frameworks-${CONFIGURATION}-input-files.xcfilelist",
			);
			name = "[CP] Embed Pods Frameworks";
			outputFileListPaths = (
				"${PODS_ROOT}/Target Support Files/Pods-FilmAppTests/Pods-FilmAppTests-frameworks-${CONFIGURATION}-output-files.xcfilelist",
			);
			runOnlyForDeploymentPostprocessing = 0;
			shellPath = /bin/sh;
			shellScript = "\"${PODS_ROOT}/Target Support Files/Pods-FilmAppTests/Pods-FilmAppTests-frameworks.sh\"\n";
			showEnvVarsInLog = 0;
		};
		71846895C54BD8DF5BC52FA6 /* [CP] Check Pods Manifest.lock */ = {
			isa = PBXShellScriptBuildPhase;
			buildActionMask = 2147483647;
			files = (
			);
			inputFileListPaths = (
			);
			inputPaths = (
				"${PODS_PODFILE_DIR_PATH}/Podfile.lock",
				"${PODS_ROOT}/Manifest.lock",
			);
			name = "[CP] Check Pods Manifest.lock";
			outputFileListPaths = (
			);
			outputPaths = (
				"$(DERIVED_FILE_DIR)/Pods-FilmAppTests-checkManifestLockResult.txt",
			);
			runOnlyForDeploymentPostprocessing = 0;
			shellPath = /bin/sh;
			shellScript = "diff \"${PODS_PODFILE_DIR_PATH}/Podfile.lock\" \"${PODS_ROOT}/Manifest.lock\" > /dev/null\nif [ $? != 0 ] ; then\n    # print error to STDERR\n    echo \"error: The sandbox is not in sync with the Podfile.lock. Run 'pod install' or update your CocoaPods installation.\" >&2\n    exit 1\nfi\n# This output is used by Xcode 'outputs' to avoid re-running this script phase.\necho \"SUCCESS\" > \"${SCRIPT_OUTPUT_FILE_0}\"\n";
			showEnvVarsInLog = 0;
		};
		C52DCB3F78A6A14B0606EDE9 /* [CP] Embed Pods Frameworks */ = {
			isa = PBXShellScriptBuildPhase;
			buildActionMask = 2147483647;
			files = (
			);
			inputFileListPaths = (
				"${PODS_ROOT}/Target Support Files/Pods-FilmApp/Pods-FilmApp-frameworks-${CONFIGURATION}-input-files.xcfilelist",
			);
			name = "[CP] Embed Pods Frameworks";
			outputFileListPaths = (
				"${PODS_ROOT}/Target Support Files/Pods-FilmApp/Pods-FilmApp-frameworks-${CONFIGURATION}-output-files.xcfilelist",
			);
			runOnlyForDeploymentPostprocessing = 0;
			shellPath = /bin/sh;
			shellScript = "\"${PODS_ROOT}/Target Support Files/Pods-FilmApp/Pods-FilmApp-frameworks.sh\"\n";
			showEnvVarsInLog = 0;
		};
		C62C6F1E57971939331D3511 /* [CP] Check Pods Manifest.lock */ = {
			isa = PBXShellScriptBuildPhase;
			buildActionMask = 2147483647;
			files = (
			);
			inputFileListPaths = (
			);
			inputPaths = (
				"${PODS_PODFILE_DIR_PATH}/Podfile.lock",
				"${PODS_ROOT}/Manifest.lock",
			);
			name = "[CP] Check Pods Manifest.lock";
			outputFileListPaths = (
			);
			outputPaths = (
				"$(DERIVED_FILE_DIR)/Pods-FilmApp-checkManifestLockResult.txt",
			);
			runOnlyForDeploymentPostprocessing = 0;
			shellPath = /bin/sh;
			shellScript = "diff \"${PODS_PODFILE_DIR_PATH}/Podfile.lock\" \"${PODS_ROOT}/Manifest.lock\" > /dev/null\nif [ $? != 0 ] ; then\n    # print error to STDERR\n    echo \"error: The sandbox is not in sync with the Podfile.lock. Run 'pod install' or update your CocoaPods installation.\" >&2\n    exit 1\nfi\n# This output is used by Xcode 'outputs' to avoid re-running this script phase.\necho \"SUCCESS\" > \"${SCRIPT_OUTPUT_FILE_0}\"\n";
			showEnvVarsInLog = 0;
		};
/* End PBXShellScriptBuildPhase section */

/* Begin PBXSourcesBuildPhase section */
		4D3F79272A2F5F1600AF6922 /* Sources */ = {
			isa = PBXSourcesBuildPhase;
			buildActionMask = 2147483647;
			files = (
				4D4BA21D2A3357AB00E6BB92 /* DetailViewModel.swift in Sources */,
				4D4BA2102A328DC700E6BB92 /* TableViewCell.swift in Sources */,
				4D3F79332A2F5F1600AF6922 /* SplashViewController.swift in Sources */,
				4D85074D2A30BE3000100521 /* Util.swift in Sources */,
				4D8507522A30CE5E00100521 /* RemoteConfig.swift in Sources */,
				4D4BA2132A328DE500E6BB92 /* UILabelPadding.swift in Sources */,
				4D3F79392A2F5F1600AF6922 /* FilmApp.xcdatamodeld in Sources */,
				4DD93F942A34C77000916E4E /* LottieHelper.swift in Sources */,
				4D85074F2A30BE8300100521 /* ErrorMessages.swift in Sources */,
				4D3F792F2A2F5F1600AF6922 /* AppDelegate.swift in Sources */,
				4D85075D2A3111C200100521 /* MovieViewModel.swift in Sources */,
				4D3F79312A2F5F1600AF6922 /* SceneDelegate.swift in Sources */,
				4DBBDE622A37337800CF8315 /* AlertHelper.swift in Sources */,
				4D4BA21B2A33577A00E6BB92 /* Detail.swift in Sources */,
				4D8507562A310DDB00100521 /* Service.swift in Sources */,
				4D8507542A3106AB00100521 /* MovieList.swift in Sources */,
				4D4BA2192A33552500E6BB92 /* DetailViewController.swift in Sources */,
				4D85074A2A30B69800100521 /* MainViewController.swift in Sources */,
				4D8507582A310DF000100521 /* ServiceHelper.swift in Sources */,
				4DCA34EF2A338BA5004B1756 /* Constants.swift in Sources */,
				4DADE4122A352396002A8064 /* FirebaseAnalystics.swift in Sources */,
				4DBBDE602A37335B00CF8315 /* ImageHelper.swift in Sources */,
			);
			runOnlyForDeploymentPostprocessing = 0;
		};
		4DBBDECE2A3742B800CF8315 /* Sources */ = {
			isa = PBXSourcesBuildPhase;
			buildActionMask = 2147483647;
			files = (
				4DBBDED52A3742B800CF8315 /* FilmAppTests.swift in Sources */,
			);
			runOnlyForDeploymentPostprocessing = 0;
		};
/* End PBXSourcesBuildPhase section */

/* Begin PBXTargetDependency section */
		4DBBDED72A3742B800CF8315 /* PBXTargetDependency */ = {
			isa = PBXTargetDependency;
			target = 4D3F792A2A2F5F1600AF6922 /* FilmApp */;
			targetProxy = 4DBBDED62A3742B800CF8315 /* PBXContainerItemProxy */;
		};
/* End PBXTargetDependency section */

/* Begin PBXVariantGroup section */
		4D3F79342A2F5F1600AF6922 /* Main.storyboard */ = {
			isa = PBXVariantGroup;
			children = (
				4D3F79352A2F5F1600AF6922 /* Base */,
			);
			name = Main.storyboard;
			sourceTree = "<group>";
		};
		4D3F793C2A2F5F1700AF6922 /* LaunchScreen.storyboard */ = {
			isa = PBXVariantGroup;
			children = (
				4D3F793D2A2F5F1700AF6922 /* Base */,
			);
			name = LaunchScreen.storyboard;
			sourceTree = "<group>";
		};
/* End PBXVariantGroup section */

/* Begin XCBuildConfiguration section */
		4D3F79402A2F5F1700AF6922 /* Debug */ = {
			isa = XCBuildConfiguration;
			buildSettings = {
				ALWAYS_SEARCH_USER_PATHS = NO;
				CLANG_ANALYZER_NONNULL = YES;
				CLANG_ANALYZER_NUMBER_OBJECT_CONVERSION = YES_AGGRESSIVE;
				CLANG_CXX_LANGUAGE_STANDARD = "gnu++20";
				CLANG_ENABLE_MODULES = YES;
				CLANG_ENABLE_OBJC_ARC = YES;
				CLANG_ENABLE_OBJC_WEAK = YES;
				CLANG_WARN_BLOCK_CAPTURE_AUTORELEASING = YES;
				CLANG_WARN_BOOL_CONVERSION = YES;
				CLANG_WARN_COMMA = YES;
				CLANG_WARN_CONSTANT_CONVERSION = YES;
				CLANG_WARN_DEPRECATED_OBJC_IMPLEMENTATIONS = YES;
				CLANG_WARN_DIRECT_OBJC_ISA_USAGE = YES_ERROR;
				CLANG_WARN_DOCUMENTATION_COMMENTS = YES;
				CLANG_WARN_EMPTY_BODY = YES;
				CLANG_WARN_ENUM_CONVERSION = YES;
				CLANG_WARN_INFINITE_RECURSION = YES;
				CLANG_WARN_INT_CONVERSION = YES;
				CLANG_WARN_NON_LITERAL_NULL_CONVERSION = YES;
				CLANG_WARN_OBJC_IMPLICIT_RETAIN_SELF = YES;
				CLANG_WARN_OBJC_LITERAL_CONVERSION = YES;
				CLANG_WARN_OBJC_ROOT_CLASS = YES_ERROR;
				CLANG_WARN_QUOTED_INCLUDE_IN_FRAMEWORK_HEADER = YES;
				CLANG_WARN_RANGE_LOOP_ANALYSIS = YES;
				CLANG_WARN_STRICT_PROTOTYPES = YES;
				CLANG_WARN_SUSPICIOUS_MOVE = YES;
				CLANG_WARN_UNGUARDED_AVAILABILITY = YES_AGGRESSIVE;
				CLANG_WARN_UNREACHABLE_CODE = YES;
				CLANG_WARN__DUPLICATE_METHOD_MATCH = YES;
				COPY_PHASE_STRIP = NO;
				DEBUG_INFORMATION_FORMAT = dwarf;
				ENABLE_STRICT_OBJC_MSGSEND = YES;
				ENABLE_TESTABILITY = YES;
				GCC_C_LANGUAGE_STANDARD = gnu11;
				GCC_DYNAMIC_NO_PIC = NO;
				GCC_NO_COMMON_BLOCKS = YES;
				GCC_OPTIMIZATION_LEVEL = 0;
				GCC_PREPROCESSOR_DEFINITIONS = (
					"DEBUG=1",
					"$(inherited)",
				);
				GCC_WARN_64_TO_32_BIT_CONVERSION = YES;
				GCC_WARN_ABOUT_RETURN_TYPE = YES_ERROR;
				GCC_WARN_UNDECLARED_SELECTOR = YES;
				GCC_WARN_UNINITIALIZED_AUTOS = YES_AGGRESSIVE;
				GCC_WARN_UNUSED_FUNCTION = YES;
				GCC_WARN_UNUSED_VARIABLE = YES;
				IPHONEOS_DEPLOYMENT_TARGET = 16.1;
				MTL_ENABLE_DEBUG_INFO = INCLUDE_SOURCE;
				MTL_FAST_MATH = YES;
				ONLY_ACTIVE_ARCH = YES;
				SDKROOT = iphoneos;
				SWIFT_ACTIVE_COMPILATION_CONDITIONS = DEBUG;
				SWIFT_OPTIMIZATION_LEVEL = "-Onone";
			};
			name = Debug;
		};
		4D3F79412A2F5F1700AF6922 /* Release */ = {
			isa = XCBuildConfiguration;
			buildSettings = {
				ALWAYS_SEARCH_USER_PATHS = NO;
				CLANG_ANALYZER_NONNULL = YES;
				CLANG_ANALYZER_NUMBER_OBJECT_CONVERSION = YES_AGGRESSIVE;
				CLANG_CXX_LANGUAGE_STANDARD = "gnu++20";
				CLANG_ENABLE_MODULES = YES;
				CLANG_ENABLE_OBJC_ARC = YES;
				CLANG_ENABLE_OBJC_WEAK = YES;
				CLANG_WARN_BLOCK_CAPTURE_AUTORELEASING = YES;
				CLANG_WARN_BOOL_CONVERSION = YES;
				CLANG_WARN_COMMA = YES;
				CLANG_WARN_CONSTANT_CONVERSION = YES;
				CLANG_WARN_DEPRECATED_OBJC_IMPLEMENTATIONS = YES;
				CLANG_WARN_DIRECT_OBJC_ISA_USAGE = YES_ERROR;
				CLANG_WARN_DOCUMENTATION_COMMENTS = YES;
				CLANG_WARN_EMPTY_BODY = YES;
				CLANG_WARN_ENUM_CONVERSION = YES;
				CLANG_WARN_INFINITE_RECURSION = YES;
				CLANG_WARN_INT_CONVERSION = YES;
				CLANG_WARN_NON_LITERAL_NULL_CONVERSION = YES;
				CLANG_WARN_OBJC_IMPLICIT_RETAIN_SELF = YES;
				CLANG_WARN_OBJC_LITERAL_CONVERSION = YES;
				CLANG_WARN_OBJC_ROOT_CLASS = YES_ERROR;
				CLANG_WARN_QUOTED_INCLUDE_IN_FRAMEWORK_HEADER = YES;
				CLANG_WARN_RANGE_LOOP_ANALYSIS = YES;
				CLANG_WARN_STRICT_PROTOTYPES = YES;
				CLANG_WARN_SUSPICIOUS_MOVE = YES;
				CLANG_WARN_UNGUARDED_AVAILABILITY = YES_AGGRESSIVE;
				CLANG_WARN_UNREACHABLE_CODE = YES;
				CLANG_WARN__DUPLICATE_METHOD_MATCH = YES;
				COPY_PHASE_STRIP = NO;
				DEBUG_INFORMATION_FORMAT = "dwarf-with-dsym";
				ENABLE_NS_ASSERTIONS = NO;
				ENABLE_STRICT_OBJC_MSGSEND = YES;
				GCC_C_LANGUAGE_STANDARD = gnu11;
				GCC_NO_COMMON_BLOCKS = YES;
				GCC_WARN_64_TO_32_BIT_CONVERSION = YES;
				GCC_WARN_ABOUT_RETURN_TYPE = YES_ERROR;
				GCC_WARN_UNDECLARED_SELECTOR = YES;
				GCC_WARN_UNINITIALIZED_AUTOS = YES_AGGRESSIVE;
				GCC_WARN_UNUSED_FUNCTION = YES;
				GCC_WARN_UNUSED_VARIABLE = YES;
				IPHONEOS_DEPLOYMENT_TARGET = 16.1;
				MTL_ENABLE_DEBUG_INFO = NO;
				MTL_FAST_MATH = YES;
				SDKROOT = iphoneos;
				SWIFT_COMPILATION_MODE = wholemodule;
				SWIFT_OPTIMIZATION_LEVEL = "-O";
				VALIDATE_PRODUCT = YES;
			};
			name = Release;
		};
		4D3F79432A2F5F1700AF6922 /* Debug */ = {
			isa = XCBuildConfiguration;
			baseConfigurationReference = BA2CA2AC9162A8E545BD5BDB /* Pods-FilmApp.debug.xcconfig */;
			buildSettings = {
				ASSETCATALOG_COMPILER_APPICON_NAME = AppIcon;
				ASSETCATALOG_COMPILER_GLOBAL_ACCENT_COLOR_NAME = AccentColor;
				CODE_SIGN_STYLE = Automatic;
				CURRENT_PROJECT_VERSION = 1;
				DEVELOPMENT_TEAM = SKSVZ28VK6;
				GENERATE_INFOPLIST_FILE = YES;
				INFOPLIST_FILE = FilmApp/Info.plist;
				INFOPLIST_KEY_UIApplicationSupportsIndirectInputEvents = YES;
				INFOPLIST_KEY_UILaunchStoryboardName = LaunchScreen;
				INFOPLIST_KEY_UIMainStoryboardFile = Main;
				INFOPLIST_KEY_UIStatusBarStyle = "";
				INFOPLIST_KEY_UISupportedInterfaceOrientations = UIInterfaceOrientationPortrait;
				IPHONEOS_DEPLOYMENT_TARGET = 16.1;
				LD_RUNPATH_SEARCH_PATHS = (
					"$(inherited)",
					"@executable_path/Frameworks",
				);
				MARKETING_VERSION = 1.0;
				PRODUCT_BUNDLE_IDENTIFIER = busesahinbas.FilmApp;
				PRODUCT_NAME = "$(TARGET_NAME)";
				SWIFT_EMIT_LOC_STRINGS = YES;
				SWIFT_VERSION = 5.0;
				TARGETED_DEVICE_FAMILY = "1,2";
			};
			name = Debug;
		};
		4D3F79442A2F5F1700AF6922 /* Release */ = {
			isa = XCBuildConfiguration;
			baseConfigurationReference = 9307BD95EBCA85290431F0D3 /* Pods-FilmApp.release.xcconfig */;
			buildSettings = {
				ASSETCATALOG_COMPILER_APPICON_NAME = AppIcon;
				ASSETCATALOG_COMPILER_GLOBAL_ACCENT_COLOR_NAME = AccentColor;
				CODE_SIGN_STYLE = Automatic;
				CURRENT_PROJECT_VERSION = 1;
				DEVELOPMENT_TEAM = SKSVZ28VK6;
				GENERATE_INFOPLIST_FILE = YES;
				INFOPLIST_FILE = FilmApp/Info.plist;
				INFOPLIST_KEY_UIApplicationSupportsIndirectInputEvents = YES;
				INFOPLIST_KEY_UILaunchStoryboardName = LaunchScreen;
				INFOPLIST_KEY_UIMainStoryboardFile = Main;
				INFOPLIST_KEY_UIStatusBarStyle = "";
				INFOPLIST_KEY_UISupportedInterfaceOrientations = UIInterfaceOrientationPortrait;
				IPHONEOS_DEPLOYMENT_TARGET = 16.1;
				LD_RUNPATH_SEARCH_PATHS = (
					"$(inherited)",
					"@executable_path/Frameworks",
				);
				MARKETING_VERSION = 1.0;
				PRODUCT_BUNDLE_IDENTIFIER = busesahinbas.FilmApp;
				PRODUCT_NAME = "$(TARGET_NAME)";
				SWIFT_EMIT_LOC_STRINGS = YES;
				SWIFT_VERSION = 5.0;
				TARGETED_DEVICE_FAMILY = "1,2";
			};
			name = Release;
		};
		4DBBDED82A3742B800CF8315 /* Debug */ = {
			isa = XCBuildConfiguration;
			baseConfigurationReference = 9C1DA889AFDA68331B6471D2 /* Pods-FilmAppTests.debug.xcconfig */;
			buildSettings = {
				BUNDLE_LOADER = "$(TEST_HOST)";
				CODE_SIGN_STYLE = Automatic;
				CURRENT_PROJECT_VERSION = 1;
				DEVELOPMENT_TEAM = SKSVZ28VK6;
				GENERATE_INFOPLIST_FILE = YES;
				IPHONEOS_DEPLOYMENT_TARGET = 16.1;
				MACOSX_DEPLOYMENT_TARGET = 13.0;
				MARKETING_VERSION = 1.0;
				PRODUCT_BUNDLE_IDENTIFIER = busesahinbas.FilmAppTests;
				PRODUCT_NAME = "$(TARGET_NAME)";
				SDKROOT = auto;
				SUPPORTED_PLATFORMS = "iphoneos iphonesimulator macosx";
				SWIFT_EMIT_LOC_STRINGS = NO;
				SWIFT_VERSION = 5.0;
				TARGETED_DEVICE_FAMILY = "1,2";
				TEST_HOST = "$(BUILT_PRODUCTS_DIR)/FilmApp.app/$(BUNDLE_EXECUTABLE_FOLDER_PATH)/FilmApp";
			};
			name = Debug;
		};
		4DBBDED92A3742B800CF8315 /* Release */ = {
			isa = XCBuildConfiguration;
			baseConfigurationReference = 5C4F6311542A1E557BB4AE0B /* Pods-FilmAppTests.release.xcconfig */;
			buildSettings = {
				BUNDLE_LOADER = "$(TEST_HOST)";
				CODE_SIGN_STYLE = Automatic;
				CURRENT_PROJECT_VERSION = 1;
				DEVELOPMENT_TEAM = SKSVZ28VK6;
				GENERATE_INFOPLIST_FILE = YES;
				IPHONEOS_DEPLOYMENT_TARGET = 16.1;
				MACOSX_DEPLOYMENT_TARGET = 13.0;
				MARKETING_VERSION = 1.0;
				PRODUCT_BUNDLE_IDENTIFIER = busesahinbas.FilmAppTests;
				PRODUCT_NAME = "$(TARGET_NAME)";
				SDKROOT = auto;
				SUPPORTED_PLATFORMS = "iphoneos iphonesimulator macosx";
				SWIFT_EMIT_LOC_STRINGS = NO;
				SWIFT_VERSION = 5.0;
				TARGETED_DEVICE_FAMILY = "1,2";
				TEST_HOST = "$(BUILT_PRODUCTS_DIR)/FilmApp.app/$(BUNDLE_EXECUTABLE_FOLDER_PATH)/FilmApp";
			};
			name = Release;
		};
/* End XCBuildConfiguration section */

/* Begin XCConfigurationList section */
		4D3F79262A2F5F1600AF6922 /* Build configuration list for PBXProject "FilmApp" */ = {
			isa = XCConfigurationList;
			buildConfigurations = (
				4D3F79402A2F5F1700AF6922 /* Debug */,
				4D3F79412A2F5F1700AF6922 /* Release */,
			);
			defaultConfigurationIsVisible = 0;
			defaultConfigurationName = Release;
		};
		4D3F79422A2F5F1700AF6922 /* Build configuration list for PBXNativeTarget "FilmApp" */ = {
			isa = XCConfigurationList;
			buildConfigurations = (
				4D3F79432A2F5F1700AF6922 /* Debug */,
				4D3F79442A2F5F1700AF6922 /* Release */,
			);
			defaultConfigurationIsVisible = 0;
			defaultConfigurationName = Release;
		};
		4DBBDEDA2A3742B800CF8315 /* Build configuration list for PBXNativeTarget "FilmAppTests" */ = {
			isa = XCConfigurationList;
			buildConfigurations = (
				4DBBDED82A3742B800CF8315 /* Debug */,
				4DBBDED92A3742B800CF8315 /* Release */,
			);
			defaultConfigurationIsVisible = 0;
			defaultConfigurationName = Release;
		};
/* End XCConfigurationList section */

/* Begin XCRemoteSwiftPackageReference section */
		4D8507592A310F4300100521 /* XCRemoteSwiftPackageReference "Alamofire" */ = {
			isa = XCRemoteSwiftPackageReference;
			repositoryURL = "https://github.com/Alamofire/Alamofire.git";
			requirement = {
				branch = master;
				kind = branch;
			};
		};
/* End XCRemoteSwiftPackageReference section */

/* Begin XCSwiftPackageProductDependency section */
		4D85075A2A310F4300100521 /* Alamofire */ = {
			isa = XCSwiftPackageProductDependency;
			package = 4D8507592A310F4300100521 /* XCRemoteSwiftPackageReference "Alamofire" */;
			productName = Alamofire;
		};
/* End XCSwiftPackageProductDependency section */

/* Begin XCVersionGroup section */
		4D3F79372A2F5F1600AF6922 /* FilmApp.xcdatamodeld */ = {
			isa = XCVersionGroup;
			children = (
				4D3F79382A2F5F1600AF6922 /* FilmApp.xcdatamodel */,
			);
			currentVersion = 4D3F79382A2F5F1600AF6922 /* FilmApp.xcdatamodel */;
			path = FilmApp.xcdatamodeld;
			sourceTree = "<group>";
			versionGroupType = wrapper.xcdatamodel;
		};
/* End XCVersionGroup section */
	};
	rootObject = 4D3F79232A2F5F1600AF6922 /* Project object */;
}
